
Microsoft Visual Studio Solution File, Format Version 12.00
# Visual Studio Version 16
VisualStudioVersion = 16.0.29201.188
MinimumVisualStudioVersion = 10.0.40219.1
Project("{FAE04EC0-301F-11D3-BF4B-00C04F79EFBC}") = "stack", "stack\stack.csproj", "{0EE6D234-5426-4725-B165-6FF1511E96C9}"
EndProject
Global
	GlobalSection(SolutionConfigurationPlatforms) = preSolution
		Debug|Any CPU = Debug|Any CPU
		Release|Any CPU = Release|Any CPU
	EndGlobalSection
	GlobalSection(ProjectConfigurationPlatforms) = postSolution
		{0EE6D234-5426-4725-B165-6FF1511E96C9}.Debug|Any CPU.ActiveCfg = Debug|Any CPU
		{0EE6D234-5426-4725-B165-6FF1511E96C9}.Debug|Any CPU.Build.0 = Debug|Any CPU
		{0EE6D234-5426-4725-B165-6FF1511E96C9}.Release|Any CPU.ActiveCfg = Release|Any CPU
		{0EE6D234-5426-4725-B165-6FF1511E96C9}.Release|Any CPU.Build.0 = Release|Any CPU
	EndGlobalSection
	GlobalSection(SolutionProperties) = preSolution
		HideSolutionNode = FALSE
	EndGlobalSection
	GlobalSection(ExtensibilityGlobals) = postSolution
		SolutionGuid = {2E506454-6DEC-4F30-B956-CF23DFB7E672}
	EndGlobalSection
EndGlobal
